
Microsoft Visual Studio Solution File, Format Version 12.00
# Visual Studio Version 17
VisualStudioVersion = 17.0.32014.148
MinimumVisualStudioVersion = 10.0.40219.1
Project("{FAE04EC0-301F-11D3-BF4B-00C04F79EFBC}") = "MinaNotifierBot", "MinaNotifierBot\MinaNotifierBot.csproj", "{986EABA6-D327-41D9-AA9A-EBD40B64E6BA}"
EndProject
Global
	GlobalSection(SolutionConfigurationPlatforms) = preSolution
		Debug|Any CPU = Debug|Any CPU
		Release|Any CPU = Release|Any CPU
	EndGlobalSection
	GlobalSection(ProjectConfigurationPlatforms) = postSolution
		{986EABA6-D327-41D9-AA9A-EBD40B64E6BA}.Debug|Any CPU.ActiveCfg = Debug|Any CPU
		{986EABA6-D327-41D9-AA9A-EBD40B64E6BA}.Debug|Any CPU.Build.0 = Debug|Any CPU
		{986EABA6-D327-41D9-AA9A-EBD40B64E6BA}.Release|Any CPU.ActiveCfg = Release|Any CPU
		{986EABA6-D327-41D9-AA9A-EBD40B64E6BA}.Release|Any CPU.Build.0 = Release|Any CPU
	EndGlobalSection
	GlobalSection(SolutionProperties) = preSolution
		HideSolutionNode = FALSE
	EndGlobalSection
	GlobalSection(ExtensibilityGlobals) = postSolution
		SolutionGuid = {39016BA4-83AD-473B-A52C-264C41940806}
	EndGlobalSection
EndGlobal
